// !$*UTF8*$!
{
	archiveVersion = 1;
	classes = {
	};
	objectVersion = 55;
	objects = {

/* Begin PBXBuildFile section */
		5F69070B28B47A2B00A59DF5 /* AppDelegate.swift in Sources */ = {isa = PBXBuildFile; fileRef = 5F69070A28B47A2B00A59DF5 /* AppDelegate.swift */; };
		5F69070D28B47A2B00A59DF5 /* SceneDelegate.swift in Sources */ = {isa = PBXBuildFile; fileRef = 5F69070C28B47A2B00A59DF5 /* SceneDelegate.swift */; };
		5F69070F28B47A2B00A59DF5 /* ViewController.swift in Sources */ = {isa = PBXBuildFile; fileRef = 5F69070E28B47A2B00A59DF5 /* ViewController.swift */; };
		5F69071228B47A2B00A59DF5 /* Main.storyboard in Resources */ = {isa = PBXBuildFile; fileRef = 5F69071028B47A2B00A59DF5 /* Main.storyboard */; };
		5F69071428B47A2C00A59DF5 /* Assets.xcassets in Resources */ = {isa = PBXBuildFile; fileRef = 5F69071328B47A2C00A59DF5 /* Assets.xcassets */; };
		5F69071728B47A2C00A59DF5 /* LaunchScreen.storyboard in Resources */ = {isa = PBXBuildFile; fileRef = 5F69071528B47A2C00A59DF5 /* LaunchScreen.storyboard */; };
		5F69072228B47A2C00A59DF5 /* PassDataTests.swift in Sources */ = {isa = PBXBuildFile; fileRef = 5F69072128B47A2C00A59DF5 /* PassDataTests.swift */; };
		5F69072C28B47A2C00A59DF5 /* PassDataUITests.swift in Sources */ = {isa = PBXBuildFile; fileRef = 5F69072B28B47A2C00A59DF5 /* PassDataUITests.swift */; };
		5F69072E28B47A2C00A59DF5 /* PassDataUITestsLaunchTests.swift in Sources */ = {isa = PBXBuildFile; fileRef = 5F69072D28B47A2C00A59DF5 /* PassDataUITestsLaunchTests.swift */; };
/* End PBXBuildFile section */

/* Begin PBXContainerItemProxy section */
		5F69071E28B47A2C00A59DF5 /* PBXContainerItemProxy */ = {
			isa = PBXContainerItemProxy;
			containerPortal = 5F6906FF28B47A2B00A59DF5 /* Project object */;
			proxyType = 1;
			remoteGlobalIDString = 5F69070628B47A2B00A59DF5;
			remoteInfo = PassData;
		};
		5F69072828B47A2C00A59DF5 /* PBXContainerItemProxy */ = {
			isa = PBXContainerItemProxy;
			containerPortal = 5F6906FF28B47A2B00A59DF5 /* Project object */;
			proxyType = 1;
			remoteGlobalIDString = 5F69070628B47A2B00A59DF5;
			remoteInfo = PassData;
		};
/* End PBXContainerItemProxy section */

/* Begin PBXFileReference section */
		5F69070728B47A2B00A59DF5 /* PassData.app */ = {isa = PBXFileReference; explicitFileType = wrapper.application; includeInIndex = 0; path = PassData.app; sourceTree = BUILT_PRODUCTS_DIR; };
		5F69070A28B47A2B00A59DF5 /* AppDelegate.swift */ = {isa = PBXFileReference; lastKnownFileType = sourcecode.swift; path = AppDelegate.swift; sourceTree = "<group>"; };
		5F69070C28B47A2B00A59DF5 /* SceneDelegate.swift */ = {isa = PBXFileReference; lastKnownFileType = sourcecode.swift; path = SceneDelegate.swift; sourceTree = "<group>"; };
		5F69070E28B47A2B00A59DF5 /* ViewController.swift */ = {isa = PBXFileReference; lastKnownFileType = sourcecode.swift; path = ViewController.swift; sourceTree = "<group>"; };
		5F69071128B47A2B00A59DF5 /* Base */ = {isa = PBXFileReference; lastKnownFileType = file.storyboard; name = Base; path = Base.lproj/Main.storyboard; sourceTree = "<group>"; };
		5F69071328B47A2C00A59DF5 /* Assets.xcassets */ = {isa = PBXFileReference; lastKnownFileType = folder.assetcatalog; path = Assets.xcassets; sourceTree = "<group>"; };
		5F69071628B47A2C00A59DF5 /* Base */ = {isa = PBXFileReference; lastKnownFileType = file.storyboard; name = Base; path = Base.lproj/LaunchScreen.storyboard; sourceTree = "<group>"; };
		5F69071828B47A2C00A59DF5 /* Info.plist */ = {isa = PBXFileReference; lastKnownFileType = text.plist.xml; path = Info.plist; sourceTree = "<group>"; };
		5F69071D28B47A2C00A59DF5 /* PassDataTests.xctest */ = {isa = PBXFileReference; explicitFileType = wrapper.cfbundle; includeInIndex = 0; path = PassDataTests.xctest; sourceTree = BUILT_PRODUCTS_DIR; };
		5F69072128B47A2C00A59DF5 /* PassDataTests.swift */ = {isa = PBXFileReference; lastKnownFileType = sourcecode.swift; path = PassDataTests.swift; sourceTree = "<group>"; };
		5F69072728B47A2C00A59DF5 /* PassDataUITests.xctest */ = {isa = PBXFileReference; explicitFileType = wrapper.cfbundle; includeInIndex = 0; path = PassDataUITests.xctest; sourceTree = BUILT_PRODUCTS_DIR; };
		5F69072B28B47A2C00A59DF5 /* PassDataUITests.swift */ = {isa = PBXFileReference; lastKnownFileType = sourcecode.swift; path = PassDataUITests.swift; sourceTree = "<group>"; };
		5F69072D28B47A2C00A59DF5 /* PassDataUITestsLaunchTests.swift */ = {isa = PBXFileReference; lastKnownFileType = sourcecode.swift; path = PassDataUITestsLaunchTests.swift; sourceTree = "<group>"; };
/* End PBXFileReference section */

/* Begin PBXFrameworksBuildPhase section */
		5F69070428B47A2B00A59DF5 /* Frameworks */ = {
			isa = PBXFrameworksBuildPhase;
			buildActionMask = 2147483647;
			files = (
			);
			runOnlyForDeploymentPostprocessing = 0;
		};
		5F69071A28B47A2C00A59DF5 /* Frameworks */ = {
			isa = PBXFrameworksBuildPhase;
			buildActionMask = 2147483647;
			files = (
			);
			runOnlyForDeploymentPostprocessing = 0;
		};
		5F69072428B47A2C00A59DF5 /* Frameworks */ = {
			isa = PBXFrameworksBuildPhase;
			buildActionMask = 2147483647;
			files = (
			);
			runOnlyForDeploymentPostprocessing = 0;
		};
/* End PBXFrameworksBuildPhase section */

/* Begin PBXGroup section */
		5F6906FE28B47A2B00A59DF5 = {
			isa = PBXGroup;
			children = (
				5F69070928B47A2B00A59DF5 /* PassData */,
				5F69072028B47A2C00A59DF5 /* PassDataTests */,
				5F69072A28B47A2C00A59DF5 /* PassDataUITests */,
				5F69070828B47A2B00A59DF5 /* Products */,
			);
			sourceTree = "<group>";
		};
		5F69070828B47A2B00A59DF5 /* Products */ = {
			isa = PBXGroup;
			children = (
				5F69070728B47A2B00A59DF5 /* PassData.app */,
				5F69071D28B47A2C00A59DF5 /* PassDataTests.xctest */,
				5F69072728B47A2C00A59DF5 /* PassDataUITests.xctest */,
			);
			name = Products;
			sourceTree = "<group>";
		};
		5F69070928B47A2B00A59DF5 /* PassData */ = {
			isa = PBXGroup;
			children = (
				5F69070A28B47A2B00A59DF5 /* AppDelegate.swift */,
				5F69070C28B47A2B00A59DF5 /* SceneDelegate.swift */,
				5F69070E28B47A2B00A59DF5 /* ViewController.swift */,
				5F69071028B47A2B00A59DF5 /* Main.storyboard */,
				5F69071328B47A2C00A59DF5 /* Assets.xcassets */,
				5F69071528B47A2C00A59DF5 /* LaunchScreen.storyboard */,
				5F69071828B47A2C00A59DF5 /* Info.plist */,
			);
			path = PassData;
			sourceTree = "<group>";
		};
		5F69072028B47A2C00A59DF5 /* PassDataTests */ = {
			isa = PBXGroup;
			children = (
				5F69072128B47A2C00A59DF5 /* PassDataTests.swift */,
			);
			path = PassDataTests;
			sourceTree = "<group>";
		};
		5F69072A28B47A2C00A59DF5 /* PassDataUITests */ = {
			isa = PBXGroup;
			children = (
				5F69072B28B47A2C00A59DF5 /* PassDataUITests.swift */,
				5F69072D28B47A2C00A59DF5 /* PassDataUITestsLaunchTests.swift */,
			);
			path = PassDataUITests;
			sourceTree = "<group>";
		};
/* End PBXGroup section */

/* Begin PBXNativeTarget section */
		5F69070628B47A2B00A59DF5 /* PassData */ = {
			isa = PBXNativeTarget;
			buildConfigurationList = 5F69073128B47A2C00A59DF5 /* Build configuration list for PBXNativeTarget "PassData" */;
			buildPhases = (
				5F69070328B47A2B00A59DF5 /* Sources */,
				5F69070428B47A2B00A59DF5 /* Frameworks */,
				5F69070528B47A2B00A59DF5 /* Resources */,
			);
			buildRules = (
			);
			dependencies = (
			);
			name = PassData;
			productName = PassData;
			productReference = 5F69070728B47A2B00A59DF5 /* PassData.app */;
			productType = "com.apple.product-type.application";
		};
		5F69071C28B47A2C00A59DF5 /* PassDataTests */ = {
			isa = PBXNativeTarget;
			buildConfigurationList = 5F69073428B47A2C00A59DF5 /* Build configuration list for PBXNativeTarget "PassDataTests" */;
			buildPhases = (
				5F69071928B47A2C00A59DF5 /* Sources */,
				5F69071A28B47A2C00A59DF5 /* Frameworks */,
				5F69071B28B47A2C00A59DF5 /* Resources */,
			);
			buildRules = (
			);
			dependencies = (
				5F69071F28B47A2C00A59DF5 /* PBXTargetDependency */,
			);
			name = PassDataTests;
			productName = PassDataTests;
			productReference = 5F69071D28B47A2C00A59DF5 /* PassDataTests.xctest */;
			productType = "com.apple.product-type.bundle.unit-test";
		};
		5F69072628B47A2C00A59DF5 /* PassDataUITests */ = {
			isa = PBXNativeTarget;
			buildConfigurationList = 5F69073728B47A2C00A59DF5 /* Build configuration list for PBXNativeTarget "PassDataUITests" */;
			buildPhases = (
				5F69072328B47A2C00A59DF5 /* Sources */,
				5F69072428B47A2C00A59DF5 /* Frameworks */,
				5F69072528B47A2C00A59DF5 /* Resources */,
			);
			buildRules = (
			);
			dependencies = (
				5F69072928B47A2C00A59DF5 /* PBXTargetDependency */,
			);
			name = PassDataUITests;
			productName = PassDataUITests;
			productReference = 5F69072728B47A2C00A59DF5 /* PassDataUITests.xctest */;
			productType = "com.apple.product-type.bundle.ui-testing";
		};
/* End PBXNativeTarget section */

/* Begin PBXProject section */
		5F6906FF28B47A2B00A59DF5 /* Project object */ = {
			isa = PBXProject;
			attributes = {
				BuildIndependentTargetsInParallel = 1;
				LastSwiftUpdateCheck = 1340;
				LastUpgradeCheck = 1340;
				TargetAttributes = {
					5F69070628B47A2B00A59DF5 = {
						CreatedOnToolsVersion = 13.4.1;
					};
					5F69071C28B47A2C00A59DF5 = {
						CreatedOnToolsVersion = 13.4.1;
						TestTargetID = 5F69070628B47A2B00A59DF5;
					};
					5F69072628B47A2C00A59DF5 = {
						CreatedOnToolsVersion = 13.4.1;
						TestTargetID = 5F69070628B47A2B00A59DF5;
					};
				};
			};
			buildConfigurationList = 5F69070228B47A2B00A59DF5 /* Build configuration list for PBXProject "PassData" */;
			compatibilityVersion = "Xcode 13.0";
			developmentRegion = en;
			hasScannedForEncodings = 0;
			knownRegions = (
				en,
				Base,
			);
			mainGroup = 5F6906FE28B47A2B00A59DF5;
			productRefGroup = 5F69070828B47A2B00A59DF5 /* Products */;
			projectDirPath = "";
			projectRoot = "";
			targets = (
				5F69070628B47A2B00A59DF5 /* PassData */,
				5F69071C28B47A2C00A59DF5 /* PassDataTests */,
				5F69072628B47A2C00A59DF5 /* PassDataUITests */,
			);
		};
/* End PBXProject section */

/* Begin PBXResourcesBuildPhase section */
		5F69070528B47A2B00A59DF5 /* Resources */ = {
			isa = PBXResourcesBuildPhase;
			buildActionMask = 2147483647;
			files = (
				5F69071728B47A2C00A59DF5 /* LaunchScreen.storyboard in Resources */,
				5F69071428B47A2C00A59DF5 /* Assets.xcassets in Resources */,
				5F69071228B47A2B00A59DF5 /* Main.storyboard in Resources */,
			);
			runOnlyForDeploymentPostprocessing = 0;
		};
		5F69071B28B47A2C00A59DF5 /* Resources */ = {
			isa = PBXResourcesBuildPhase;
			buildActionMask = 2147483647;
			files = (
			);
			runOnlyForDeploymentPostprocessing = 0;
		};
		5F69072528B47A2C00A59DF5 /* Resources */ = {
			isa = PBXResourcesBuildPhase;
			buildActionMask = 2147483647;
			files = (
			);
			runOnlyForDeploymentPostprocessing = 0;
		};
/* End PBXResourcesBuildPhase section */

/* Begin PBXSourcesBuildPhase section */
		5F69070328B47A2B00A59DF5 /* Sources */ = {
			isa = PBXSourcesBuildPhase;
			buildActionMask = 2147483647;
			files = (
				5F69070F28B47A2B00A59DF5 /* ViewController.swift in Sources */,
				5F69070B28B47A2B00A59DF5 /* AppDelegate.swift in Sources */,
				5F69070D28B47A2B00A59DF5 /* SceneDelegate.swift in Sources */,
			);
			runOnlyForDeploymentPostprocessing = 0;
		};
		5F69071928B47A2C00A59DF5 /* Sources */ = {
			isa = PBXSourcesBuildPhase;
			buildActionMask = 2147483647;
			files = (
				5F69072228B47A2C00A59DF5 /* PassDataTests.swift in Sources */,
			);
			runOnlyForDeploymentPostprocessing = 0;
		};
		5F69072328B47A2C00A59DF5 /* Sources */ = {
			isa = PBXSourcesBuildPhase;
			buildActionMask = 2147483647;
			files = (
				5F69072E28B47A2C00A59DF5 /* PassDataUITestsLaunchTests.swift in Sources */,
				5F69072C28B47A2C00A59DF5 /* PassDataUITests.swift in Sources */,
			);
			runOnlyForDeploymentPostprocessing = 0;
		};
/* End PBXSourcesBuildPhase section */

/* Begin PBXTargetDependency section */
		5F69071F28B47A2C00A59DF5 /* PBXTargetDependency */ = {
			isa = PBXTargetDependency;
			target = 5F69070628B47A2B00A59DF5 /* PassData */;
			targetProxy = 5F69071E28B47A2C00A59DF5 /* PBXContainerItemProxy */;
		};
		5F69072928B47A2C00A59DF5 /* PBXTargetDependency */ = {
			isa = PBXTargetDependency;
			target = 5F69070628B47A2B00A59DF5 /* PassData */;
			targetProxy = 5F69072828B47A2C00A59DF5 /* PBXContainerItemProxy */;
		};
/* End PBXTargetDependency section */

/* Begin PBXVariantGroup section */
		5F69071028B47A2B00A59DF5 /* Main.storyboard */ = {
			isa = PBXVariantGroup;
			children = (
				5F69071128B47A2B00A59DF5 /* Base */,
			);
			name = Main.storyboard;
			sourceTree = "<group>";
		};
		5F69071528B47A2C00A59DF5 /* LaunchScreen.storyboard */ = {
			isa = PBXVariantGroup;
			children = (
				5F69071628B47A2C00A59DF5 /* Base */,
			);
			name = LaunchScreen.storyboard;
			sourceTree = "<group>";
		};
/* End PBXVariantGroup section */

/* Begin XCBuildConfiguration section */
		5F69072F28B47A2C00A59DF5 /* Debug */ = {
			isa = XCBuildConfiguration;
			buildSettings = {
				ALWAYS_SEARCH_USER_PATHS = NO;
				CLANG_ANALYZER_NONNULL = YES;
				CLANG_ANALYZER_NUMBER_OBJECT_CONVERSION = YES_AGGRESSIVE;
				CLANG_CXX_LANGUAGE_STANDARD = "gnu++17";
				CLANG_ENABLE_MODULES = YES;
				CLANG_ENABLE_OBJC_ARC = YES;
				CLANG_ENABLE_OBJC_WEAK = YES;
				CLANG_WARN_BLOCK_CAPTURE_AUTORELEASING = YES;
				CLANG_WARN_BOOL_CONVERSION = YES;
				CLANG_WARN_COMMA = YES;
				CLANG_WARN_CONSTANT_CONVERSION = YES;
				CLANG_WARN_DEPRECATED_OBJC_IMPLEMENTATIONS = YES;
				CLANG_WARN_DIRECT_OBJC_ISA_USAGE = YES_ERROR;
				CLANG_WARN_DOCUMENTATION_COMMENTS = YES;
				CLANG_WARN_EMPTY_BODY = YES;
				CLANG_WARN_ENUM_CONVERSION = YES;
				CLANG_WARN_INFINITE_RECURSION = YES;
				CLANG_WARN_INT_CONVERSION = YES;
				CLANG_WARN_NON_LITERAL_NULL_CONVERSION = YES;
				CLANG_WARN_OBJC_IMPLICIT_RETAIN_SELF = YES;
				CLANG_WARN_OBJC_LITERAL_CONVERSION = YES;
				CLANG_WARN_OBJC_ROOT_CLASS = YES_ERROR;
				CLANG_WARN_QUOTED_INCLUDE_IN_FRAMEWORK_HEADER = YES;
				CLANG_WARN_RANGE_LOOP_ANALYSIS = YES;
				CLANG_WARN_STRICT_PROTOTYPES = YES;
				CLANG_WARN_SUSPICIOUS_MOVE = YES;
				CLANG_WARN_UNGUARDED_AVAILABILITY = YES_AGGRESSIVE;
				CLANG_WARN_UNREACHABLE_CODE = YES;
				CLANG_WARN__DUPLICATE_METHOD_MATCH = YES;
				COPY_PHASE_STRIP = NO;
				DEBUG_INFORMATION_FORMAT = dwarf;
				ENABLE_STRICT_OBJC_MSGSEND = YES;
				ENABLE_TESTABILITY = YES;
				GCC_C_LANGUAGE_STANDARD = gnu11;
				GCC_DYNAMIC_NO_PIC = NO;
				GCC_NO_COMMON_BLOCKS = YES;
				GCC_OPTIMIZATION_LEVEL = 0;
				GCC_PREPROCESSOR_DEFINITIONS = (
					"DEBUG=1",
					"$(inherited)",
				);
				GCC_WARN_64_TO_32_BIT_CONVERSION = YES;
				GCC_WARN_ABOUT_RETURN_TYPE = YES_ERROR;
				GCC_WARN_UNDECLARED_SELECTOR = YES;
				GCC_WARN_UNINITIALIZED_AUTOS = YES_AGGRESSIVE;
				GCC_WARN_UNUSED_FUNCTION = YES;
				GCC_WARN_UNUSED_VARIABLE = YES;
				IPHONEOS_DEPLOYMENT_TARGET = 15.5;
				MTL_ENABLE_DEBUG_INFO = INCLUDE_SOURCE;
				MTL_FAST_MATH = YES;
				ONLY_ACTIVE_ARCH = YES;
				SDKROOT = iphoneos;
				SWIFT_ACTIVE_COMPILATION_CONDITIONS = DEBUG;
				SWIFT_OPTIMIZATION_LEVEL = "-Onone";
			};
			name = Debug;
		};
		5F69073028B47A2C00A59DF5 /* Release */ = {
			isa = XCBuildConfiguration;
			buildSettings = {
				ALWAYS_SEARCH_USER_PATHS = NO;
				CLANG_ANALYZER_NONNULL = YES;
				CLANG_ANALYZER_NUMBER_OBJECT_CONVERSION = YES_AGGRESSIVE;
				CLANG_CXX_LANGUAGE_STANDARD = "gnu++17";
				CLANG_ENABLE_MODULES = YES;
				CLANG_ENABLE_OBJC_ARC = YES;
				CLANG_ENABLE_OBJC_WEAK = YES;
				CLANG_WARN_BLOCK_CAPTURE_AUTORELEASING = YES;
				CLANG_WARN_BOOL_CONVERSION = YES;
				CLANG_WARN_COMMA = YES;
				CLANG_WARN_CONSTANT_CONVERSION = YES;
				CLANG_WARN_DEPRECATED_OBJC_IMPLEMENTATIONS = YES;
				CLANG_WARN_DIRECT_OBJC_ISA_USAGE = YES_ERROR;
				CLANG_WARN_DOCUMENTATION_COMMENTS = YES;
				CLANG_WARN_EMPTY_BODY = YES;
				CLANG_WARN_ENUM_CONVERSION = YES;
				CLANG_WARN_INFINITE_RECURSION = YES;
				CLANG_WARN_INT_CONVERSION = YES;
				CLANG_WARN_NON_LITERAL_NULL_CONVERSION = YES;
				CLANG_WARN_OBJC_IMPLICIT_RETAIN_SELF = YES;
				CLANG_WARN_OBJC_LITERAL_CONVERSION = YES;
				CLANG_WARN_OBJC_ROOT_CLASS = YES_ERROR;
				CLANG_WARN_QUOTED_INCLUDE_IN_FRAMEWORK_HEADER = YES;
				CLANG_WARN_RANGE_LOOP_ANALYSIS = YES;
				CLANG_WARN_STRICT_PROTOTYPES = YES;
				CLANG_WARN_SUSPICIOUS_MOVE = YES;
				CLANG_WARN_UNGUARDED_AVAILABILITY = YES_AGGRESSIVE;
				CLANG_WARN_UNREACHABLE_CODE = YES;
				CLANG_WARN__DUPLICATE_METHOD_MATCH = YES;
				COPY_PHASE_STRIP = NO;
				DEBUG_INFORMATION_FORMAT = "dwarf-with-dsym";
				ENABLE_NS_ASSERTIONS = NO;
				ENABLE_STRICT_OBJC_MSGSEND = YES;
				GCC_C_LANGUAGE_STANDARD = gnu11;
				GCC_NO_COMMON_BLOCKS = YES;
				GCC_WARN_64_TO_32_BIT_CONVERSION = YES;
				GCC_WARN_ABOUT_RETURN_TYPE = YES_ERROR;
				GCC_WARN_UNDECLARED_SELECTOR = YES;
				GCC_WARN_UNINITIALIZED_AUTOS = YES_AGGRESSIVE;
				GCC_WARN_UNUSED_FUNCTION = YES;
				GCC_WARN_UNUSED_VARIABLE = YES;
				IPHONEOS_DEPLOYMENT_TARGET = 15.5;
				MTL_ENABLE_DEBUG_INFO = NO;
				MTL_FAST_MATH = YES;
				SDKROOT = iphoneos;
				SWIFT_COMPILATION_MODE = wholemodule;
				SWIFT_OPTIMIZATION_LEVEL = "-O";
				VALIDATE_PRODUCT = YES;
			};
			name = Release;
		};
		5F69073228B47A2C00A59DF5 /* Debug */ = {
			isa = XCBuildConfiguration;
			buildSettings = {
				ASSETCATALOG_COMPILER_APPICON_NAME = AppIcon;
				ASSETCATALOG_COMPILER_GLOBAL_ACCENT_COLOR_NAME = AccentColor;
				CODE_SIGN_STYLE = Automatic;
				CURRENT_PROJECT_VERSION = 1;
				GENERATE_INFOPLIST_FILE = YES;
				INFOPLIST_FILE = PassData/Info.plist;
				INFOPLIST_KEY_CFBundleDisplayName = Pass;
				INFOPLIST_KEY_UIApplicationSupportsIndirectInputEvents = YES;
				INFOPLIST_KEY_UILaunchStoryboardName = LaunchScreen;
				INFOPLIST_KEY_UIMainStoryboardFile = Main;
				INFOPLIST_KEY_UISupportedInterfaceOrientations_iPad = "UIInterfaceOrientationPortrait UIInterfaceOrientationPortraitUpsideDown UIInterfaceOrientationLandscapeLeft UIInterfaceOrientationLandscapeRight";
				INFOPLIST_KEY_UISupportedInterfaceOrientations_iPhone = "UIInterfaceOrientationPortrait UIInterfaceOrientationLandscapeLeft UIInterfaceOrientationLandscapeRight";
				LD_RUNPATH_SEARCH_PATHS = (
					"$(inherited)",
					"@executable_path/Frameworks",
				);
				MARKETING_VERSION = 1.0;
				PRODUCT_BUNDLE_IDENTIFIER = study.hanix.PassData;
				PRODUCT_NAME = "$(TARGET_NAME)";
				SWIFT_EMIT_LOC_STRINGS = YES;
				SWIFT_VERSION = 5.0;
				TARGETED_DEVICE_FAMILY = "1,2";
			};
			name = Debug;
		};
		5F69073328B47A2C00A59DF5 /* Release */ = {
			isa = XCBuildConfiguration;
			buildSettings = {
				ASSETCATALOG_COMPILER_APPICON_NAME = AppIcon;
				ASSETCATALOG_COMPILER_GLOBAL_ACCENT_COLOR_NAME = AccentColor;
				CODE_SIGN_STYLE = Automatic;
				CURRENT_PROJECT_VERSION = 1;
				GENERATE_INFOPLIST_FILE = YES;
				INFOPLIST_FILE = PassData/Info.plist;
				INFOPLIST_KEY_CFBundleDisplayName = Pass;
				INFOPLIST_KEY_UIApplicationSupportsIndirectInputEvents = YES;
				INFOPLIST_KEY_UILaunchStoryboardName = LaunchScreen;
				INFOPLIST_KEY_UIMainStoryboardFile = Main;
				INFOPLIST_KEY_UISupportedInterfaceOrientations_iPad = "UIInterfaceOrientationPortrait UIInterfaceOrientationPortraitUpsideDown UIInterfaceOrientationLandscapeLeft UIInterfaceOrientationLandscapeRight";
				INFOPLIST_KEY_UISupportedInterfaceOrientations_iPhone = "UIInterfaceOrientationPortrait UIInterfaceOrientationLandscapeLeft UIInterfaceOrientationLandscapeRight";
				LD_RUNPATH_SEARCH_PATHS = (
					"$(inherited)",
					"@executable_path/Frameworks",
				);
				MARKETING_VERSION = 1.0;
				PRODUCT_BUNDLE_IDENTIFIER = study.hanix.PassData;
				PRODUCT_NAME = "$(TARGET_NAME)";
				SWIFT_EMIT_LOC_STRINGS = YES;
				SWIFT_VERSION = 5.0;
				TARGETED_DEVICE_FAMILY = "1,2";
			};
			name = Release;
		};
		5F69073528B47A2C00A59DF5 /* Debug */ = {
			isa = XCBuildConfiguration;
			buildSettings = {
				ALWAYS_EMBED_SWIFT_STANDARD_LIBRARIES = YES;
				BUNDLE_LOADER = "$(TEST_HOST)";
				CODE_SIGN_STYLE = Automatic;
				CURRENT_PROJECT_VERSION = 1;
				GENERATE_INFOPLIST_FILE = YES;
				IPHONEOS_DEPLOYMENT_TARGET = 15.5;
				MARKETING_VERSION = 1.0;
				PRODUCT_BUNDLE_IDENTIFIER = study.hanix.PassDataTests;
				PRODUCT_NAME = "$(TARGET_NAME)";
				SWIFT_EMIT_LOC_STRINGS = NO;
				SWIFT_VERSION = 5.0;
				TARGETED_DEVICE_FAMILY = "1,2";
				TEST_HOST = "$(BUILT_PRODUCTS_DIR)/PassData.app/PassData";
			};
			name = Debug;
		};
		5F69073628B47A2C00A59DF5 /* Release */ = {
			isa = XCBuildConfiguration;
			buildSettings = {
				ALWAYS_EMBED_SWIFT_STANDARD_LIBRARIES = YES;
				BUNDLE_LOADER = "$(TEST_HOST)";
				CODE_SIGN_STYLE = Automatic;
				CURRENT_PROJECT_VERSION = 1;
				GENERATE_INFOPLIST_FILE = YES;
				IPHONEOS_DEPLOYMENT_TARGET = 15.5;
				MARKETING_VERSION = 1.0;
				PRODUCT_BUNDLE_IDENTIFIER = study.hanix.PassDataTests;
				PRODUCT_NAME = "$(TARGET_NAME)";
				SWIFT_EMIT_LOC_STRINGS = NO;
				SWIFT_VERSION = 5.0;
				TARGETED_DEVICE_FAMILY = "1,2";
				TEST_HOST = "$(BUILT_PRODUCTS_DIR)/PassData.app/PassData";
			};
			name = Release;
		};
		5F69073828B47A2C00A59DF5 /* Debug */ = {
			isa = XCBuildConfiguration;
			buildSettings = {
				ALWAYS_EMBED_SWIFT_STANDARD_LIBRARIES = YES;
				CODE_SIGN_STYLE = Automatic;
				CURRENT_PROJECT_VERSION = 1;
				GENERATE_INFOPLIST_FILE = YES;
				MARKETING_VERSION = 1.0;
				PRODUCT_BUNDLE_IDENTIFIER = study.hanix.PassDataUITests;
				PRODUCT_NAME = "$(TARGET_NAME)";
				SWIFT_EMIT_LOC_STRINGS = NO;
				SWIFT_VERSION = 5.0;
				TARGETED_DEVICE_FAMILY = "1,2";
				TEST_TARGET_NAME = PassData;
			};
			name = Debug;
		};
		5F69073928B47A2C00A59DF5 /* Release */ = {
			isa = XCBuildConfiguration;
			buildSettings = {
				ALWAYS_EMBED_SWIFT_STANDARD_LIBRARIES = YES;
				CODE_SIGN_STYLE = Automatic;
				CURRENT_PROJECT_VERSION = 1;
				GENERATE_INFOPLIST_FILE = YES;
				MARKETING_VERSION = 1.0;
				PRODUCT_BUNDLE_IDENTIFIER = study.hanix.PassDataUITests;
				PRODUCT_NAME = "$(TARGET_NAME)";
				SWIFT_EMIT_LOC_STRINGS = NO;
				SWIFT_VERSION = 5.0;
				TARGETED_DEVICE_FAMILY = "1,2";
				TEST_TARGET_NAME = PassData;
			};
			name = Release;
		};
/* End XCBuildConfiguration section */

/* Begin XCConfigurationList section */
		5F69070228B47A2B00A59DF5 /* Build configuration list for PBXProject "PassData" */ = {
			isa = XCConfigurationList;
			buildConfigurations = (
				5F69072F28B47A2C00A59DF5 /* Debug */,
				5F69073028B47A2C00A59DF5 /* Release */,
			);
			defaultConfigurationIsVisible = 0;
			defaultConfigurationName = Release;
		};
		5F69073128B47A2C00A59DF5 /* Build configuration list for PBXNativeTarget "PassData" */ = {
			isa = XCConfigurationList;
			buildConfigurations = (
				5F69073228B47A2C00A59DF5 /* Debug */,
				5F69073328B47A2C00A59DF5 /* Release */,
			);
			defaultConfigurationIsVisible = 0;
			defaultConfigurationName = Release;
		};
		5F69073428B47A2C00A59DF5 /* Build configuration list for PBXNativeTarget "PassDataTests" */ = {
			isa = XCConfigurationList;
			buildConfigurations = (
				5F69073528B47A2C00A59DF5 /* Debug */,
				5F69073628B47A2C00A59DF5 /* Release */,
			);
			defaultConfigurationIsVisible = 0;
			defaultConfigurationName = Release;
		};
		5F69073728B47A2C00A59DF5 /* Build configuration list for PBXNativeTarget "PassDataUITests" */ = {
			isa = XCConfigurationList;
			buildConfigurations = (
				5F69073828B47A2C00A59DF5 /* Debug */,
				5F69073928B47A2C00A59DF5 /* Release */,
			);
			defaultConfigurationIsVisible = 0;
			defaultConfigurationName = Release;
		};
/* End XCConfigurationList section */
	};
	rootObject = 5F6906FF28B47A2B00A59DF5 /* Project object */;
}
